// !$*UTF8*$!
{
	archiveVersion = 1;
	classes = {
	};
	objectVersion = 50;
	objects = {

/* Begin PBXBuildFile section */
		EA7677E6212ABCEB00B64609 /* AppDelegate.swift in Sources */ = {isa = PBXBuildFile; fileRef = EA7677E5212ABCEB00B64609 /* AppDelegate.swift */; };
		EA7677E8212ABCEB00B64609 /* ViewController.swift in Sources */ = {isa = PBXBuildFile; fileRef = EA7677E7212ABCEB00B64609 /* ViewController.swift */; };
		EA7677ED212ABCEE00B64609 /* Assets.xcassets in Resources */ = {isa = PBXBuildFile; fileRef = EA7677EC212ABCEE00B64609 /* Assets.xcassets */; };
		EA7677F0212ABCEE00B64609 /* LaunchScreen.storyboard in Resources */ = {isa = PBXBuildFile; fileRef = EA7677EE212ABCEE00B64609 /* LaunchScreen.storyboard */; };
		EA767803212ACEDB00B64609 /* TriangleView.swift in Sources */ = {isa = PBXBuildFile; fileRef = EA767802212ACEDB00B64609 /* TriangleView.swift */; };
/* End PBXBuildFile section */

/* Begin PBXFileReference section */
		EA7677E2212ABCEB00B64609 /* Advanced Debugging Example.app */ = {isa = PBXFileReference; explicitFileType = wrapper.application; includeInIndex = 0; path = "Advanced Debugging Example.app"; sourceTree = BUILT_PRODUCTS_DIR; };
		EA7677E5212ABCEB00B64609 /* AppDelegate.swift */ = {isa = PBXFileReference; lastKnownFileType = sourcecode.swift; path = AppDelegate.swift; sourceTree = "<group>"; };
		EA7677E7212ABCEB00B64609 /* ViewController.swift */ = {isa = PBXFileReference; lastKnownFileType = sourcecode.swift; path = ViewController.swift; sourceTree = "<group>"; };
		EA7677EC212ABCEE00B64609 /* Assets.xcassets */ = {isa = PBXFileReference; lastKnownFileType = folder.assetcatalog; path = Assets.xcassets; sourceTree = "<group>"; };
		EA7677EF212ABCEE00B64609 /* Base */ = {isa = PBXFileReference; lastKnownFileType = file.storyboard; name = Base; path = Base.lproj/LaunchScreen.storyboard; sourceTree = "<group>"; };
		EA7677F1212ABCEE00B64609 /* Info.plist */ = {isa = PBXFileReference; lastKnownFileType = text.plist.xml; path = Info.plist; sourceTree = "<group>"; };
		EA767802212ACEDB00B64609 /* TriangleView.swift */ = {isa = PBXFileReference; lastKnownFileType = sourcecode.swift; path = TriangleView.swift; sourceTree = "<group>"; };
/* End PBXFileReference section */

/* Begin PBXFrameworksBuildPhase section */
		EA7677DF212ABCEB00B64609 /* Frameworks */ = {
			isa = PBXFrameworksBuildPhase;
			buildActionMask = 2147483647;
			files = (
			);
			runOnlyForDeploymentPostprocessing = 0;
		};
/* End PBXFrameworksBuildPhase section */

/* Begin PBXGroup section */
		EA17FCD6212DAE70008F7663 /* ViewControllers */ = {
			isa = PBXGroup;
			children = (
				EA7677E7212ABCEB00B64609 /* ViewController.swift */,
			);
			path = ViewControllers;
			sourceTree = "<group>";
		};
		EA17FCD7212DAE76008F7663 /* Views */ = {
			isa = PBXGroup;
			children = (
				EA767802212ACEDB00B64609 /* TriangleView.swift */,
			);
			path = Views;
			sourceTree = "<group>";
		};
		EA7677D9212ABCEB00B64609 = {
			isa = PBXGroup;
			children = (
				EA7677E4212ABCEB00B64609 /* Advanced Debugging Example */,
				EA7677E3212ABCEB00B64609 /* Products */,
			);
			sourceTree = "<group>";
		};
		EA7677E3212ABCEB00B64609 /* Products */ = {
			isa = PBXGroup;
			children = (
				EA7677E2212ABCEB00B64609 /* Advanced Debugging Example.app */,
			);
			name = Products;
			sourceTree = "<group>";
		};
		EA7677E4212ABCEB00B64609 /* Advanced Debugging Example */ = {
			isa = PBXGroup;
			children = (
				EA7677EC212ABCEE00B64609 /* Assets.xcassets */,
				EA7677E5212ABCEB00B64609 /* AppDelegate.swift */,
				EA17FCD6212DAE70008F7663 /* ViewControllers */,
				EA17FCD7212DAE76008F7663 /* Views */,
				EA7677F8212ABD9000B64609 /* Supporting Files */,
			);
			path = "Advanced Debugging Example";
			sourceTree = "<group>";
		};
		EA7677F8212ABD9000B64609 /* Supporting Files */ = {
			isa = PBXGroup;
			children = (
				EA7677F1212ABCEE00B64609 /* Info.plist */,
				EA7677EE212ABCEE00B64609 /* LaunchScreen.storyboard */,
			);
			name = "Supporting Files";
			sourceTree = "<group>";
		};
/* End PBXGroup section */

/* Begin PBXNativeTarget section */
		EA7677E1212ABCEB00B64609 /* Advanced Debugging Example */ = {
			isa = PBXNativeTarget;
			buildConfigurationList = EA7677F4212ABCEE00B64609 /* Build configuration list for PBXNativeTarget "Advanced Debugging Example" */;
			buildPhases = (
				EA7677DE212ABCEB00B64609 /* Sources */,
				EA7677DF212ABCEB00B64609 /* Frameworks */,
				EA7677E0212ABCEB00B64609 /* Resources */,
				EA767806212C2BC600B64609 /* ShellScript */,
			);
			buildRules = (
			);
			dependencies = (
			);
			name = "Advanced Debugging Example";
			productName = "Advanced Debugging Example";
			productReference = EA7677E2212ABCEB00B64609 /* Advanced Debugging Example.app */;
			productType = "com.apple.product-type.application";
		};
/* End PBXNativeTarget section */

/* Begin PBXProject section */
		EA7677DA212ABCEB00B64609 /* Project object */ = {
			isa = PBXProject;
			attributes = {
				LastSwiftUpdateCheck = 0940;
				LastUpgradeCheck = 0940;
				ORGANIZATIONNAME = "tBear Software";
				TargetAttributes = {
					EA7677E1212ABCEB00B64609 = {
						CreatedOnToolsVersion = 9.4;
					};
				};
			};
			buildConfigurationList = EA7677DD212ABCEB00B64609 /* Build configuration list for PBXProject "Advanced Debugging Example" */;
			compatibilityVersion = "Xcode 9.3";
			developmentRegion = en;
			hasScannedForEncodings = 0;
			knownRegions = (
				en,
				Base,
			);
			mainGroup = EA7677D9212ABCEB00B64609;
			productRefGroup = EA7677E3212ABCEB00B64609 /* Products */;
			projectDirPath = "";
			projectRoot = "";
			targets = (
				EA7677E1212ABCEB00B64609 /* Advanced Debugging Example */,
			);
		};
/* End PBXProject section */

/* Begin PBXResourcesBuildPhase section */
		EA7677E0212ABCEB00B64609 /* Resources */ = {
			isa = PBXResourcesBuildPhase;
			buildActionMask = 2147483647;
			files = (
				EA7677F0212ABCEE00B64609 /* LaunchScreen.storyboard in Resources */,
				EA7677ED212ABCEE00B64609 /* Assets.xcassets in Resources */,
			);
			runOnlyForDeploymentPostprocessing = 0;
		};
/* End PBXResourcesBuildPhase section */

/* Begin PBXShellScriptBuildPhase section */
		EA767806212C2BC600B64609 /* ShellScript */ = {
			isa = PBXShellScriptBuildPhase;
			buildActionMask = 2147483647;
			files = (
			);
			inputPaths = (
			);
			outputPaths = (
			);
			runOnlyForDeploymentPostprocessing = 0;
			shellPath = /bin/sh;
			shellScript = "if [ \"${CONFIGURATION}\" = \"Debug\" ]; then\nTAGS=\"TODO:|FIXME:|WARNING:\"\necho \"searching ${SRCROOT} for ${TAGS}\"\nfind \"${SRCROOT}\" \\( -name \"*.swift\" \\) -print0 | xargs -0 egrep --with-filename --line-number --only-matching \"($TAGS).*\\$\" | perl -p -e \"s/($TAGS)/ warning: \\$1/\"\nfi";
		};
/* End PBXShellScriptBuildPhase section */

/* Begin PBXSourcesBuildPhase section */
		EA7677DE212ABCEB00B64609 /* Sources */ = {
			isa = PBXSourcesBuildPhase;
			buildActionMask = 2147483647;
			files = (
				EA7677E8212ABCEB00B64609 /* ViewController.swift in Sources */,
				EA767803212ACEDB00B64609 /* TriangleView.swift in Sources */,
				EA7677E6212ABCEB00B64609 /* AppDelegate.swift in Sources */,
			);
			runOnlyForDeploymentPostprocessing = 0;
		};
/* End PBXSourcesBuildPhase section */

/* Begin PBXVariantGroup section */
		EA7677EE212ABCEE00B64609 /* LaunchScreen.storyboard */ = {
			isa = PBXVariantGroup;
			children = (
				EA7677EF212ABCEE00B64609 /* Base */,
			);
			name = LaunchScreen.storyboard;
			sourceTree = "<group>";
		};
/* End PBXVariantGroup section */

/* Begin XCBuildConfiguration section */
		EA7677F2212ABCEE00B64609 /* Debug */ = {
			isa = XCBuildConfiguration;
			buildSettings = {
				ALWAYS_SEARCH_USER_PATHS = NO;
				CLANG_ANALYZER_NONNULL = YES;
				CLANG_ANALYZER_NUMBER_OBJECT_CONVERSION = YES_AGGRESSIVE;
				CLANG_CXX_LANGUAGE_STANDARD = "gnu++14";
				CLANG_CXX_LIBRARY = "libc++";
				CLANG_ENABLE_MODULES = YES;
				CLANG_ENABLE_OBJC_ARC = YES;
				CLANG_ENABLE_OBJC_WEAK = YES;
				CLANG_WARN_BLOCK_CAPTURE_AUTORELEASING = YES;
				CLANG_WARN_BOOL_CONVERSION = YES;
				CLANG_WARN_COMMA = YES;
				CLANG_WARN_CONSTANT_CONVERSION = YES;
				CLANG_WARN_DEPRECATED_OBJC_IMPLEMENTATIONS = YES;
				CLANG_WARN_DIRECT_OBJC_ISA_USAGE = YES_ERROR;
				CLANG_WARN_DOCUMENTATION_COMMENTS = YES;
				CLANG_WARN_EMPTY_BODY = YES;
				CLANG_WARN_ENUM_CONVERSION = YES;
				CLANG_WARN_INFINITE_RECURSION = YES;
				CLANG_WARN_INT_CONVERSION = YES;
				CLANG_WARN_NON_LITERAL_NULL_CONVERSION = YES;
				CLANG_WARN_OBJC_IMPLICIT_RETAIN_SELF = YES;
				CLANG_WARN_OBJC_LITERAL_CONVERSION = YES;
				CLANG_WARN_OBJC_ROOT_CLASS = YES_ERROR;
				CLANG_WARN_RANGE_LOOP_ANALYSIS = YES;
				CLANG_WARN_STRICT_PROTOTYPES = YES;
				CLANG_WARN_SUSPICIOUS_MOVE = YES;
				CLANG_WARN_UNGUARDED_AVAILABILITY = YES_AGGRESSIVE;
				CLANG_WARN_UNREACHABLE_CODE = YES;
				CLANG_WARN__DUPLICATE_METHOD_MATCH = YES;
				CODE_SIGN_IDENTITY = "iPhone Developer";
				COPY_PHASE_STRIP = NO;
				DEBUG_INFORMATION_FORMAT = dwarf;
				ENABLE_STRICT_OBJC_MSGSEND = YES;
				ENABLE_TESTABILITY = YES;
				GCC_C_LANGUAGE_STANDARD = gnu11;
				GCC_DYNAMIC_NO_PIC = NO;
				GCC_NO_COMMON_BLOCKS = YES;
				GCC_OPTIMIZATION_LEVEL = 0;
				GCC_PREPROCESSOR_DEFINITIONS = (
					"DEBUG=1",
					"$(inherited)",
				);
				GCC_WARN_64_TO_32_BIT_CONVERSION = YES;
				GCC_WARN_ABOUT_RETURN_TYPE = YES_ERROR;
				GCC_WARN_UNDECLARED_SELECTOR = YES;
				GCC_WARN_UNINITIALIZED_AUTOS = YES_AGGRESSIVE;
				GCC_WARN_UNUSED_FUNCTION = YES;
				GCC_WARN_UNUSED_VARIABLE = YES;
				IPHONEOS_DEPLOYMENT_TARGET = 11.4;
				MTL_ENABLE_DEBUG_INFO = YES;
				ONLY_ACTIVE_ARCH = YES;
				SDKROOT = iphoneos;
				SWIFT_ACTIVE_COMPILATION_CONDITIONS = DEBUG;
				SWIFT_OPTIMIZATION_LEVEL = "-Onone";
			};
			name = Debug;
		};
		EA7677F3212ABCEE00B64609 /* Release */ = {
			isa = XCBuildConfiguration;
			buildSettings = {
				ALWAYS_SEARCH_USER_PATHS = NO;
				CLANG_ANALYZER_NONNULL = YES;
				CLANG_ANALYZER_NUMBER_OBJECT_CONVERSION = YES_AGGRESSIVE;
				CLANG_CXX_LANGUAGE_STANDARD = "gnu++14";
				CLANG_CXX_LIBRARY = "libc++";
				CLANG_ENABLE_MODULES = YES;
				CLANG_ENABLE_OBJC_ARC = YES;
				CLANG_ENABLE_OBJC_WEAK = YES;
				CLANG_WARN_BLOCK_CAPTURE_AUTORELEASING = YES;
				CLANG_WARN_BOOL_CONVERSION = YES;
				CLANG_WARN_COMMA = YES;
				CLANG_WARN_CONSTANT_CONVERSION = YES;
				CLANG_WARN_DEPRECATED_OBJC_IMPLEMENTATIONS = YES;
				CLANG_WARN_DIRECT_OBJC_ISA_USAGE = YES_ERROR;
				CLANG_WARN_DOCUMENTATION_COMMENTS = YES;
				CLANG_WARN_EMPTY_BODY = YES;
				CLANG_WARN_ENUM_CONVERSION = YES;
				CLANG_WARN_INFINITE_RECURSION = YES;
				CLANG_WARN_INT_CONVERSION = YES;
				CLANG_WARN_NON_LITERAL_NULL_CONVERSION = YES;
				CLANG_WARN_OBJC_IMPLICIT_RETAIN_SELF = YES;
				CLANG_WARN_OBJC_LITERAL_CONVERSION = YES;
				CLANG_WARN_OBJC_ROOT_CLASS = YES_ERROR;
				CLANG_WARN_RANGE_LOOP_ANALYSIS = YES;
				CLANG_WARN_STRICT_PROTOTYPES = YES;
				CLANG_WARN_SUSPICIOUS_MOVE = YES;
				CLANG_WARN_UNGUARDED_AVAILABILITY = YES_AGGRESSIVE;
				CLANG_WARN_UNREACHABLE_CODE = YES;
				CLANG_WARN__DUPLICATE_METHOD_MATCH = YES;
				CODE_SIGN_IDENTITY = "iPhone Developer";
				COPY_PHASE_STRIP = NO;
				DEBUG_INFORMATION_FORMAT = "dwarf-with-dsym";
				ENABLE_NS_ASSERTIONS = NO;
				ENABLE_STRICT_OBJC_MSGSEND = YES;
				GCC_C_LANGUAGE_STANDARD = gnu11;
				GCC_NO_COMMON_BLOCKS = YES;
				GCC_WARN_64_TO_32_BIT_CONVERSION = YES;
				GCC_WARN_ABOUT_RETURN_TYPE = YES_ERROR;
				GCC_WARN_UNDECLARED_SELECTOR = YES;
				GCC_WARN_UNINITIALIZED_AUTOS = YES_AGGRESSIVE;
				GCC_WARN_UNUSED_FUNCTION = YES;
				GCC_WARN_UNUSED_VARIABLE = YES;
				IPHONEOS_DEPLOYMENT_TARGET = 11.4;
				MTL_ENABLE_DEBUG_INFO = NO;
				SDKROOT = iphoneos;
				SWIFT_COMPILATION_MODE = wholemodule;
				SWIFT_OPTIMIZATION_LEVEL = "-O";
				VALIDATE_PRODUCT = YES;
			};
			name = Release;
		};
		EA7677F5212ABCEE00B64609 /* Debug */ = {
			isa = XCBuildConfiguration;
			buildSettings = {
				ASSETCATALOG_COMPILER_APPICON_NAME = AppIcon;
				CODE_SIGN_STYLE = Automatic;
				DEVELOPMENT_TEAM = XPD229X4WG;
				INFOPLIST_FILE = "Advanced Debugging Example/Info.plist";
				IPHONEOS_DEPLOYMENT_TARGET = 11.0;
				LD_RUNPATH_SEARCH_PATHS = (
					"$(inherited)",
					"@executable_path/Frameworks",
				);
				PRODUCT_BUNDLE_IDENTIFIER = "com.tbearsoft.Advanced-Debugging-Example";
				PRODUCT_NAME = "$(TARGET_NAME)";
				SWIFT_VERSION = 4.0;
				TARGETED_DEVICE_FAMILY = "1,2";
			};
			name = Debug;
		};
		EA7677F6212ABCEE00B64609 /* Release */ = {
			isa = XCBuildConfiguration;
			buildSettings = {
				ASSETCATALOG_COMPILER_APPICON_NAME = AppIcon;
				CODE_SIGN_STYLE = Automatic;
				DEVELOPMENT_TEAM = XPD229X4WG;
				INFOPLIST_FILE = "Advanced Debugging Example/Info.plist";
				IPHONEOS_DEPLOYMENT_TARGET = 11.0;
				LD_RUNPATH_SEARCH_PATHS = (
					"$(inherited)",
					"@executable_path/Frameworks",
				);
				PRODUCT_BUNDLE_IDENTIFIER = "com.tbearsoft.Advanced-Debugging-Example";
				PRODUCT_NAME = "$(TARGET_NAME)";
				SWIFT_VERSION = 4.0;
				TARGETED_DEVICE_FAMILY = "1,2";
			};
			name = Release;
		};
/* End XCBuildConfiguration section */

/* Begin XCConfigurationList section */
		EA7677DD212ABCEB00B64609 /* Build configuration list for PBXProject "Advanced Debugging Example" */ = {
			isa = XCConfigurationList;
			buildConfigurations = (
				EA7677F2212ABCEE00B64609 /* Debug */,
				EA7677F3212ABCEE00B64609 /* Release */,
			);
			defaultConfigurationIsVisible = 0;
			defaultConfigurationName = Release;
		};
		EA7677F4212ABCEE00B64609 /* Build configuration list for PBXNativeTarget "Advanced Debugging Example" */ = {
			isa = XCConfigurationList;
			buildConfigurations = (
				EA7677F5212ABCEE00B64609 /* Debug */,
				EA7677F6212ABCEE00B64609 /* Release */,
			);
			defaultConfigurationIsVisible = 0;
			defaultConfigurationName = Release;
		};
/* End XCConfigurationList section */
	};
	rootObject = EA7677DA212ABCEB00B64609 /* Project object */;
}
